<?xml version="1.0" encoding="utf-8"?>
<Project ToolsVersion="4.0" xmlns="http://schemas.microsoft.com/developer/msbuild/2003">
  <ItemGroup>
    <Filter Include="TitanObject">
      <UniqueIdentifier>{6473c6cd-59a6-404d-bfe7-f5359107f6ab}</UniqueIdentifier>
    </Filter>
    <Filter Include="TitanObject\cpp">
      <UniqueIdentifier>{97432298-b529-485f-a4f3-71094c281310}</UniqueIdentifier>
    </Filter>
    <Filter Include="TitanObject\h">
      <UniqueIdentifier>{1c7c10c1-a818-42b9-994d-6097b4f87f4b}</UniqueIdentifier>
    </Filter>
    <Filter Include="Window">
      <UniqueIdentifier>{d61fd909-6a66-4c97-a67e-2ae5c9465040}</UniqueIdentifier>
    </Filter>
    <Filter Include="Window\GL">
      <UniqueIdentifier>{0eb9899a-c2cf-4ccf-a03f-545d08454c4a}</UniqueIdentifier>
    </Filter>
    <Filter Include="Window\GL\_Base">
      <UniqueIdentifier>{8490adab-52b1-45da-b30b-82245c724753}</UniqueIdentifier>
    </Filter>
    <Filter Include="Window\GL\_Base\cpp">
      <UniqueIdentifier>{7cc46a30-8b08-4209-9373-917afc9db72c}</UniqueIdentifier>
    </Filter>
    <Filter Include="Window\GL\_Base\h">
      <UniqueIdentifier>{9d54296f-d5b3-41c3-a4b2-ec7fb81d9280}</UniqueIdentifier>
    </Filter>
    <Filter Include="Window\GL\Font">
      <UniqueIdentifier>{25cb0a2b-1d6e-439d-9a94-5d6119a04b04}</UniqueIdentifier>
    </Filter>
    <Filter Include="Window\GL\Image">
      <UniqueIdentifier>{7e2cdeaf-8f13-4958-a92e-bb6ab73cafeb}</UniqueIdentifier>
    </Filter>
    <Filter Include="Window\_Base">
      <UniqueIdentifier>{9575d08b-f4b0-408a-bd9c-0d8a0f5d176e}</UniqueIdentifier>
    </Filter>
    <Filter Include="Window\_Base\cpp">
      <UniqueIdentifier>{b610dfcd-1f6b-426e-a11b-55f9d53768f6}</UniqueIdentifier>
    </Filter>
    <Filter Include="Window\_Base\h">
      <UniqueIdentifier>{94cf2ee7-6a5b-45a7-987a-e42e8ab01e55}</UniqueIdentifier>
    </Filter>
    <Filter Include="Person">
      <UniqueIdentifier>{426f6eaf-affe-4205-aca8-7928907cfbc9}</UniqueIdentifier>
    </Filter>
  </ItemGroup>
  <ItemGroup>
    <ClCompile Include="..\..\TitanObject\TitanConceptObject.cpp">
      <Filter>TitanObject\cpp</Filter>
    </ClCompile>
    <ClCompile Include="..\..\TitanObject\TitanConceptObject_AX.cpp">
      <Filter>TitanObject\cpp</Filter>
    </ClCompile>
    <ClCompile Include="..\..\TitanWindow\_Base\TitanConceptWindow.cpp">
      <Filter>Window\_Base\cpp</Filter>
    </ClCompile>
    <ClCompile Include="..\..\TitanWindow\_Base\TitanConceptWindow_AX.cpp">
      <Filter>Window\_Base\cpp</Filter>
    </ClCompile>
    <ClCompile Include="..\..\TitanWindow\GL\Font\TitanGL_Font.cpp">
      <Filter>Window\GL\Font</Filter>
    </ClCompile>
    <ClCompile Include="..\..\TitanWindow\GL\_Base\TitanGL_Window.cpp">
      <Filter>Window\GL\_Base\cpp</Filter>
    </ClCompile>
    <ClCompile Include="..\..\TitanWindow\GL\_Base\TitanGL_Main.cpp">
      <Filter>Window\GL\_Base\cpp</Filter>
    </ClCompile>
    <ClCompile Include="..\..\Person\Person_Callback.cpp">
      <Filter>Person</Filter>
    </ClCompile>
    <ClCompile Include="..\..\Person\Person.cpp">
      <Filter>Person</Filter>
    </ClCompile>
  </ItemGroup>
  <ItemGroup>
    <ClInclude Include="..\..\TitanObject\TitanConceptObject.h">
      <Filter>TitanObject\h</Filter>
    </ClInclude>
    <ClInclude Include="..\..\TitanWindow\_Base\TitanConceptWindow.h">
      <Filter>Window\_Base\h</Filter>
    </ClInclude>
    <ClInclude Include="..\..\TitanWindow\GL\Font\TitanGL_Font.h">
      <Filter>Window\GL\Font</Filter>
    </ClInclude>
    <ClInclude Include="..\..\TitanWindow\GL\_Base\TitanGL_Window.h">
      <Filter>Window\GL\_Base\h</Filter>
    </ClInclude>
    <ClInclude Include="..\..\TitanWindow\GL\_Base\TitanGL_Nvidia.h">
      <Filter>Window\GL\_Base\h</Filter>
    </ClInclude>
    <ClInclude Include="..\..\TitanWindow\GL\_Base\TitanGL_Main.h">
      <Filter>Window\GL\_Base\h</Filter>
    </ClInclude>
    <ClInclude Include="..\..\TitanWindow\GL\_Base\TitanGL_Global.h">
      <Filter>Window\GL\_Base\h</Filter>
    </ClInclude>
    <ClInclude Include="..\..\TitanWindow\GL\_Base\TitanGL_Macros.h">
      <Filter>Window\GL\_Base\h</Filter>
    </ClInclude>
    <ClInclude Include="..\..\TitanWindow\GL\_Base\TitanGL_Ext.h">
      <Filter>Window\GL\_Base\h</Filter>
    </ClInclude>
    <ClInclude Include="..\..\Person\Person.h">
      <Filter>Person</Filter>
    </ClInclude>
  </ItemGroup>
</Project>