
Microsoft Visual Studio Solution File, Format Version 12.00
# Visual Studio 15
VisualStudioVersion = 15.0.27004.2005
MinimumVisualStudioVersion = 10.0.40219.1
Project("{8BC9CEB8-8B4A-11D0-8D11-00A0C91BC942}") = "_MyClientCodex", "Projects\TitanClientConceptExport\TitanClientExport.vcxproj.vcxproj", "{A957658E-5010-4978-92DA-B0C6D91C1CAA}"
	ProjectSection(ProjectDependencies) = postProject
		{D6F86A81-59BC-4270-9CE4-62CA4CE7BA06} = {D6F86A81-59BC-4270-9CE4-62CA4CE7BA06}
	EndProjectSection
EndProject
Project("{8BC9CEB8-8B4A-11D0-8D11-00A0C91BC942}") = "MyClient", "Projects\TitanClientConcept\TitanClientConcept.vcxproj.vcxproj", "{D6F86A81-59BC-4270-9CE4-62CA4CE7BA06}"
EndProject
Project("{2150E333-8FDC-42A3-9474-1A3956D46DE8}") = "Solution Items", "Solution Items", "{964BA383-C9CC-413F-A7F0-AAD570288812}"
EndProject
Global
	GlobalSection(SolutionConfigurationPlatforms) = preSolution
		Debug|x64 = Debug|x64
		Release|x64 = Release|x64
	EndGlobalSection
	GlobalSection(ProjectConfigurationPlatforms) = postSolution
		{A957658E-5010-4978-92DA-B0C6D91C1CAA}.Debug|x64.ActiveCfg = Debug|x64
		{A957658E-5010-4978-92DA-B0C6D91C1CAA}.Debug|x64.Build.0 = Debug|x64
		{A957658E-5010-4978-92DA-B0C6D91C1CAA}.Release|x64.ActiveCfg = Release|x64
		{A957658E-5010-4978-92DA-B0C6D91C1CAA}.Release|x64.Build.0 = Release|x64
		{D6F86A81-59BC-4270-9CE4-62CA4CE7BA06}.Debug|x64.ActiveCfg = Debug|x64
		{D6F86A81-59BC-4270-9CE4-62CA4CE7BA06}.Debug|x64.Build.0 = Debug|x64
		{D6F86A81-59BC-4270-9CE4-62CA4CE7BA06}.Release|x64.ActiveCfg = Release|x64
		{D6F86A81-59BC-4270-9CE4-62CA4CE7BA06}.Release|x64.Build.0 = Release|x64
	EndGlobalSection
	GlobalSection(SolutionProperties) = preSolution
		HideSolutionNode = FALSE
	EndGlobalSection
	GlobalSection(ExtensibilityGlobals) = postSolution
		SolutionGuid = {E69C44C6-567B-4357-9A9E-BF4C68049195}
	EndGlobalSection
EndGlobal
