<?xml version="1.0" encoding="utf-8"?>
<Project ToolsVersion="4.0" xmlns="http://schemas.microsoft.com/developer/msbuild/2003">
  <ItemGroup>
    <ClCompile Include="..\..\MyApp\App.cpp">
      <Filter>App</Filter>
    </ClCompile>
    <ClCompile Include="..\..\AtlasWrapper\AtlasWrapper.cpp">
      <Filter>Wrapper</Filter>
    </ClCompile>
  </ItemGroup>
  <ItemGroup>
    <Filter Include="Wrapper">
      <UniqueIdentifier>{e533a45b-df8b-4f0c-8e56-794d3c168b89}</UniqueIdentifier>
    </Filter>
    <Filter Include="App">
      <UniqueIdentifier>{738baea6-c6e8-4f71-b9fd-b9f34ba3317f}</UniqueIdentifier>
    </Filter>
  </ItemGroup>
  <ItemGroup>
    <ClInclude Include="..\..\AtlasWrapper\AtlasWrapper.h">
      <Filter>Wrapper</Filter>
    </ClInclude>
  </ItemGroup>
</Project>